
Microsoft Visual Studio Solution File, Format Version 12.00
# Visual Studio 15
VisualStudioVersion = 15.0.28307.168
MinimumVisualStudioVersion = 10.0.40219.1
Project("{FAE04EC0-301F-11D3-BF4B-00C04F79EFBC}") = "ListTv", "ListTv\ListTv.csproj", "{F23A1503-DA9D-4F3D-B30B-F3AF8E7F3A99}"
EndProject
Global
	GlobalSection(SolutionConfigurationPlatforms) = preSolution
		Debug|Any CPU = Debug|Any CPU
		Release|Any CPU = Release|Any CPU
	EndGlobalSection
	GlobalSection(ProjectConfigurationPlatforms) = postSolution
		{F23A1503-DA9D-4F3D-B30B-F3AF8E7F3A99}.Debug|Any CPU.ActiveCfg = Debug|Any CPU
		{F23A1503-DA9D-4F3D-B30B-F3AF8E7F3A99}.Debug|Any CPU.Build.0 = Debug|Any CPU
		{F23A1503-DA9D-4F3D-B30B-F3AF8E7F3A99}.Release|Any CPU.ActiveCfg = Release|Any CPU
		{F23A1503-DA9D-4F3D-B30B-F3AF8E7F3A99}.Release|Any CPU.Build.0 = Release|Any CPU
	EndGlobalSection
	GlobalSection(SolutionProperties) = preSolution
		HideSolutionNode = FALSE
	EndGlobalSection
	GlobalSection(ExtensibilityGlobals) = postSolution
		SolutionGuid = {5DEF2211-3A67-4467-B63D-08AD6F92EE10}
	EndGlobalSection
EndGlobal
